<?xml version="1.0" encoding="utf-8"?>
<Project ToolsVersion="4.0" xmlns="http://schemas.microsoft.com/developer/msbuild/2003">
  <ItemGroup>
    <Filter Include="Source Files">
      <UniqueIdentifier>{4FC737F1-C7A5-4376-A066-2A32D752A2FF}</UniqueIdentifier>
      <Extensions>cpp;c;cc;cxx;def;odl;idl;hpj;bat;asm;asmx</Extensions>
    </Filter>
    <Filter Include="Header Files">
      <UniqueIdentifier>{93995380-89BD-4b04-88EB-625FBE52EBFB}</UniqueIdentifier>
      <Extensions>h;hh;hpp;hxx;hm;inl;inc;xsd</Extensions>
    </Filter>
    <Filter Include="Resource Files">
      <UniqueIdentifier>{67DA6AB6-F800-4c08-8B7A-83BB121AAD01}</UniqueIdentifier>
      <Extensions>rc;ico;cur;bmp;dlg;rc2;rct;bin;rgs;gif;jpg;jpeg;jpe;resx;tiff;tif;png;wav;mfcribbon-ms</Extensions>
    </Filter>
  </ItemGroup>
  <ItemGroup>
    <ClCompile Include="main.cpp">
      <Filter>Source Files</Filter>
    </ClCompile>
    <ClCompile Include="Serial.cpp">
      <Filter>Source Files</Filter>
    </ClCompile>
    <ClCompile Include="enumser.cpp">
      <Filter>Source Files</Filter>
    </ClCompile>
    <ClCompile Include="StdAfx.cpp">
      <Filter>Source Files</Filter>
    </ClCompile>
    <ClCompile Include="SerialAdapter.cpp">
      <Filter>Source Files</Filter>
    </ClCompile>
    <ClCompile Include="SuitHardwareInterface.cpp">
      <Filter>Source Files</Filter>
    </ClCompile>
    <ClCompile Include="InstructionBuilder.cpp">
      <Filter>Source Files</Filter>
    </ClCompile>
    <ClCompile Include="Instruction.cpp">
      <Filter>Source Files</Filter>
    </ClCompile>
    <ClCompile Include="jsoncpp.cpp">
      <Filter>Source Files</Filter>
    </ClCompile>
    <ClCompile Include="Packet.cpp">
      <Filter>Source Files</Filter>
    </ClCompile>
    <ClCompile Include="JsonSerializer.h">
      <Filter>Header Files</Filter>
    </ClCompile>
    <ClCompile Include="HexUtils.cpp">
      <Filter>Source Files</Filter>
    </ClCompile>
    <ClCompile Include="EnumTranslator.cpp">
      <Filter>Source Files</Filter>
    </ClCompile>
    <ClCompile Include="Synchronizer.cpp">
      <Filter>Source Files</Filter>
    </ClCompile>
    <ClCompile Include="PacketDispatcher.cpp">
      <Filter>Source Files</Filter>
    </ClCompile>
    <ClCompile Include="SuitPacket.cpp">
      <Filter>Source Files</Filter>
    </ClCompile>
    <ClCompile Include="Parser.cpp">
      <Filter>Source Files</Filter>
    </ClCompile>
    <ClCompile Include="HapticDirectoryTools.cpp">
      <Filter>Source Files</Filter>
    </ClCompile>
    <ClCompile Include="HapticClasses.cpp">
      <Filter>Source Files</Filter>
    </ClCompile>
    <ClCompile Include="Locator.cpp">
      <Filter>Source Files</Filter>
    </ClCompile>
    <ClCompile Include="IPacketConsumer.cpp">
      <Filter>Source Files</Filter>
    </ClCompile>
    <ClCompile Include="HapticQueue.cpp">
      <Filter>Source Files</Filter>
    </ClCompile>
    <ClCompile Include="HapticEvent.cpp">
      <Filter>Source Files</Filter>
    </ClCompile>
    <ClCompile Include="TimeInstant.cpp">
      <Filter>Source Files</Filter>
    </ClCompile>
    <ClCompile Include="HapticsExecutor.cpp">
      <Filter>Source Files</Filter>
    </ClCompile>
    <ClCompile Include="HapticCache2.cpp">
      <Filter>Source Files</Filter>
    </ClCompile>
    <ClCompile Include="BoostSerialAdapter.cpp">
      <Filter>Source Files</Filter>
    </ClCompile>
    <ClCompile Include="Engine.cpp">
      <Filter>Source Files</Filter>
    </ClCompile>
    <ClCompile Include="IoService.cpp">
      <Filter>Source Files</Filter>
    </ClCompile>
  </ItemGroup>
  <ItemGroup>
    <ClInclude Include="Serial.h">
      <Filter>Header Files</Filter>
    </ClInclude>
    <ClInclude Include="enumser.h">
      <Filter>Header Files</Filter>
    </ClInclude>
    <ClInclude Include="StdAfx.h">
      <Filter>Header Files</Filter>
    </ClInclude>
    <ClInclude Include="ICommunicationAdapter.h">
      <Filter>Header Files</Filter>
    </ClInclude>
    <ClInclude Include="SerialAdapter.h">
      <Filter>Header Files</Filter>
    </ClInclude>
    <ClInclude Include="ByteQueue.h">
      <Filter>Header Files</Filter>
    </ClInclude>
    <ClInclude Include="SuitHardwareInterface.h">
      <Filter>Header Files</Filter>
    </ClInclude>
    <ClInclude Include="InstructionBuilder.h">
      <Filter>Header Files</Filter>
    </ClInclude>
    <ClInclude Include="Instruction.h">
      <Filter>Header Files</Filter>
    </ClInclude>
    <ClInclude Include="json\json.h">
      <Filter>Header Files</Filter>
    </ClInclude>
    <ClInclude Include="json\json-forwards.h">
      <Filter>Header Files</Filter>
    </ClInclude>
    <ClInclude Include="Packet.h">
      <Filter>Header Files</Filter>
    </ClInclude>
    <ClInclude Include="IJsonSerializable.h">
      <Filter>Header Files</Filter>
    </ClInclude>
    <ClInclude Include="HexUtils.h">
      <Filter>Header Files</Filter>
    </ClInclude>
    <ClInclude Include="Enums.h">
      <Filter>Header Files</Filter>
    </ClInclude>
    <ClInclude Include="EnumTranslator.h">
      <Filter>Header Files</Filter>
    </ClInclude>
    <ClInclude Include="Synchronizer.h">
      <Filter>Header Files</Filter>
    </ClInclude>
    <ClInclude Include="PacketDispatcher.h">
      <Filter>Header Files</Filter>
    </ClInclude>
    <ClInclude Include="SuitPacket.h">
      <Filter>Header Files</Filter>
    </ClInclude>
    <ClInclude Include="Parser.h">
      <Filter>Header Files</Filter>
    </ClInclude>
    <ClInclude Include="HapticDirectoryTools.h">
      <Filter>Header Files</Filter>
    </ClInclude>
    <ClInclude Include="HapticClasses.h">
      <Filter>Header Files</Filter>
    </ClInclude>
    <ClInclude Include="Locator.h">
      <Filter>Header Files</Filter>
    </ClInclude>
    <ClInclude Include="IPacketConsumer.h">
      <Filter>Header Files</Filter>
    </ClInclude>
    <ClInclude Include="HapticQueue.h">
      <Filter>Header Files</Filter>
    </ClInclude>
    <ClInclude Include="HapticEvent.h">
      <Filter>Header Files</Filter>
    </ClInclude>
    <ClInclude Include="TimeInstant.h">
      <Filter>Header Files</Filter>
    </ClInclude>
    <ClInclude Include="ITimeOffset.h">
      <Filter>Header Files</Filter>
    </ClInclude>
    <ClInclude Include="HapticsExecutor.h">
      <Filter>Header Files</Filter>
    </ClInclude>
    <ClInclude Include="zmq.hpp">
      <Filter>Header Files</Filter>
    </ClInclude>
    <ClInclude Include="zmq_addon.hpp">
      <Filter>Header Files</Filter>
    </ClInclude>
    <ClInclude Include="..\..\..\..\..\Program Files\ZeroMQ 4.0.4\include\zmq.h">
      <Filter>Header Files</Filter>
    </ClInclude>
    <ClInclude Include="..\..\..\..\..\Program Files\ZeroMQ 4.0.4\include\zmq_utils.h">
      <Filter>Header Files</Filter>
    </ClInclude>
    <ClInclude Include="nn.hpp">
      <Filter>Header Files</Filter>
    </ClInclude>
    <ClInclude Include="HapticCache2.h">
      <Filter>Header Files</Filter>
    </ClInclude>
    <ClInclude Include="..\..\Visual Studio 2015\Projects\NSLoader\NSLoader\Wire\Wire.h">
      <Filter>Header Files</Filter>
    </ClInclude>
    <ClInclude Include="BoostSerialAdapter.h">
      <Filter>Header Files</Filter>
    </ClInclude>
    <ClInclude Include="BlockingReader.h">
      <Filter>Header Files</Filter>
    </ClInclude>
    <ClInclude Include="Engine.h">
      <Filter>Header Files</Filter>
    </ClInclude>
    <ClInclude Include="handler_allocator.h">
      <Filter>Header Files</Filter>
    </ClInclude>
    <ClInclude Include="IoService.h">
      <Filter>Header Files</Filter>
    </ClInclude>
  </ItemGroup>
</Project>